
Microsoft Visual Studio Solution File, Format Version 12.00
# Visual Studio Version 16
VisualStudioVersion = 16.0.29613.14
MinimumVisualStudioVersion = 10.0.40219.1
Project("{FAE04EC0-301F-11D3-BF4B-00C04F79EFBC}") = "ShopHoa_OnTapThiCuoiKi", "ShopHoa_OnTapThiCuoiKi.csproj", "{D2D25D04-378E-4B72-930E-F1421F26BD31}"
EndProject
Global
	GlobalSection(SolutionConfigurationPlatforms) = preSolution
		Debug|Any CPU = Debug|Any CPU
		Release|Any CPU = Release|Any CPU
	EndGlobalSection
	GlobalSection(ProjectConfigurationPlatforms) = postSolution
		{D2D25D04-378E-4B72-930E-F1421F26BD31}.Debug|Any CPU.ActiveCfg = Debug|Any CPU
		{D2D25D04-378E-4B72-930E-F1421F26BD31}.Debug|Any CPU.Build.0 = Debug|Any CPU
		{D2D25D04-378E-4B72-930E-F1421F26BD31}.Release|Any CPU.ActiveCfg = Release|Any CPU
		{D2D25D04-378E-4B72-930E-F1421F26BD31}.Release|Any CPU.Build.0 = Release|Any CPU
	EndGlobalSection
	GlobalSection(SolutionProperties) = preSolution
		HideSolutionNode = FALSE
	EndGlobalSection
	GlobalSection(ExtensibilityGlobals) = postSolution
		SolutionGuid = {551BED64-8ECB-455D-9504-4D3C17C1ED15}
	EndGlobalSection
EndGlobal
